
Microsoft Visual Studio Solution File, Format Version 12.00
# Visual Studio 15
VisualStudioVersion = 15.0.28010.2050
MinimumVisualStudioVersion = 10.0.40219.1
Project("{FAE04EC0-301F-11D3-BF4B-00C04F79EFBC}") = "FreshLifie", "FreshLifie\FreshLifie.csproj", "{A18288EC-16E0-46FD-A3AB-241F06FF2B72}"
EndProject
Global
	GlobalSection(SolutionConfigurationPlatforms) = preSolution
		Debug|Any CPU = Debug|Any CPU
		Release|Any CPU = Release|Any CPU
	EndGlobalSection
	GlobalSection(ProjectConfigurationPlatforms) = postSolution
		{A18288EC-16E0-46FD-A3AB-241F06FF2B72}.Debug|Any CPU.ActiveCfg = Debug|Any CPU
		{A18288EC-16E0-46FD-A3AB-241F06FF2B72}.Debug|Any CPU.Build.0 = Debug|Any CPU
		{A18288EC-16E0-46FD-A3AB-241F06FF2B72}.Release|Any CPU.ActiveCfg = Release|Any CPU
		{A18288EC-16E0-46FD-A3AB-241F06FF2B72}.Release|Any CPU.Build.0 = Release|Any CPU
	EndGlobalSection
	GlobalSection(SolutionProperties) = preSolution
		HideSolutionNode = FALSE
	EndGlobalSection
	GlobalSection(ExtensibilityGlobals) = postSolution
		SolutionGuid = {261EF3C9-E6D4-4B65-A505-96750BE3118A}
	EndGlobalSection
EndGlobal
